PODS:
  - connectivity_plus (0.0.1):
    - Flutter
    - FlutterMacOS
    - ReachabilitySwift
  - Flutter (1.0.0)
  - ObjectBox (1.9.2)
  - objectbox_flutter_libs (0.0.1):
    - Flutter
    - ObjectBox (= 1.9.2)
  - path_provider_foundation (0.0.1):
    - Flutter
    - FlutterMacOS
  - ReachabilitySwift (5.2.1)

DEPENDENCIES:
  - connectivity_plus (from `.symlinks/plugins/connectivity_plus/darwin`)
  - Flutter (from `Flutter`)
  - objectbox_flutter_libs (from `.symlinks/plugins/objectbox_flutter_libs/ios`)
  - path_provider_foundation (from `.symlinks/plugins/path_provider_foundation/darwin`)

SPEC REPOS:
  trunk:
    - ObjectBox
    - ReachabilitySwift

EXTERNAL SOURCES:
  connectivity_plus:
    :path: ".symlinks/plugins/connectivity_plus/darwin"
  Flutter:
    :path: Flutter
  objectbox_flutter_libs:
    :path: ".symlinks/plugins/objectbox_flutter_libs/ios"
  path_provider_foundation:
    :path: ".symlinks/plugins/path_provider_foundation/darwin"

SPEC CHECKSUMS:
  connectivity_plus: e2dad488011aeb593e219360e804c43cc1af5770
  Flutter: e0871f40cf51350855a761d2e70bf5af5b9b5de7
  ObjectBox: 46757a559717ab49b1cc0612eaff82b705acf394
  objectbox_flutter_libs: 103f3a273b594cb664255086a386740bc179f97d
  path_provider_foundation: 3784922295ac71e43754bd15e0653ccfd36a147c
  ReachabilitySwift: 5ae15e16814b5f9ef568963fb2c87aeb49158c66

PODFILE CHECKSUM: 819463e6a0290f5a72f145ba7cde16e8b6ef0796

COCOAPODS: 1.15.0
